
Microsoft Visual Studio Solution File, Format Version 12.00
# Visual Studio 15
VisualStudioVersion = 15.0.28307.1340
MinimumVisualStudioVersion = 10.0.40219.1
Project("{FAE04EC0-301F-11D3-BF4B-00C04F79EFBC}") = "Multiples3and5", "Multiples3and5\Multiples3and5.csproj", "{67DE08A7-61DC-48BA-BC5E-F4DE45950EBF}"
EndProject
Project("{FAE04EC0-301F-11D3-BF4B-00C04F79EFBC}") = "FibonacciEvenSum", "FibonacciEvenSum\FibonacciEvenSum.csproj", "{817015D5-D0B2-4251-BF05-EB4CEE79D220}"
EndProject
Project("{FAE04EC0-301F-11D3-BF4B-00C04F79EFBC}") = "TenDigitFibonacci", "TenDigitFibonacci\TenDigitFibonacci.csproj", "{CB5C09E1-9B78-4708-B05E-1ACC920B469D}"
EndProject
Global
	GlobalSection(SolutionConfigurationPlatforms) = preSolution
		Debug|Any CPU = Debug|Any CPU
		Release|Any CPU = Release|Any CPU
	EndGlobalSection
	GlobalSection(ProjectConfigurationPlatforms) = postSolution
		{67DE08A7-61DC-48BA-BC5E-F4DE45950EBF}.Debug|Any CPU.ActiveCfg = Debug|Any CPU
		{67DE08A7-61DC-48BA-BC5E-F4DE45950EBF}.Debug|Any CPU.Build.0 = Debug|Any CPU
		{67DE08A7-61DC-48BA-BC5E-F4DE45950EBF}.Release|Any CPU.ActiveCfg = Release|Any CPU
		{67DE08A7-61DC-48BA-BC5E-F4DE45950EBF}.Release|Any CPU.Build.0 = Release|Any CPU
		{817015D5-D0B2-4251-BF05-EB4CEE79D220}.Debug|Any CPU.ActiveCfg = Debug|Any CPU
		{817015D5-D0B2-4251-BF05-EB4CEE79D220}.Debug|Any CPU.Build.0 = Debug|Any CPU
		{817015D5-D0B2-4251-BF05-EB4CEE79D220}.Release|Any CPU.ActiveCfg = Release|Any CPU
		{817015D5-D0B2-4251-BF05-EB4CEE79D220}.Release|Any CPU.Build.0 = Release|Any CPU
		{CB5C09E1-9B78-4708-B05E-1ACC920B469D}.Debug|Any CPU.ActiveCfg = Debug|Any CPU
		{CB5C09E1-9B78-4708-B05E-1ACC920B469D}.Debug|Any CPU.Build.0 = Debug|Any CPU
		{CB5C09E1-9B78-4708-B05E-1ACC920B469D}.Release|Any CPU.ActiveCfg = Release|Any CPU
		{CB5C09E1-9B78-4708-B05E-1ACC920B469D}.Release|Any CPU.Build.0 = Release|Any CPU
	EndGlobalSection
	GlobalSection(SolutionProperties) = preSolution
		HideSolutionNode = FALSE
	EndGlobalSection
	GlobalSection(ExtensibilityGlobals) = postSolution
		SolutionGuid = {06BDD9C9-27EC-47D2-97F1-C60819281739}
	EndGlobalSection
EndGlobal
